
Microsoft Visual Studio Solution File, Format Version 12.00
# Visual Studio Version 17
VisualStudioVersion = 17.9.34902.65
MinimumVisualStudioVersion = 10.0.40219.1
Project("{FAE04EC0-301F-11D3-BF4B-00C04F79EFBC}") = "ConsoleApp12", "ConsoleApp12.csproj", "{584F57AE-10AC-4781-8247-43E9C8612444}"
EndProject
Global
	GlobalSection(SolutionConfigurationPlatforms) = preSolution
		Debug|Any CPU = Debug|Any CPU
		Release|Any CPU = Release|Any CPU
	EndGlobalSection
	GlobalSection(ProjectConfigurationPlatforms) = postSolution
		{584F57AE-10AC-4781-8247-43E9C8612444}.Debug|Any CPU.ActiveCfg = Debug|Any CPU
		{584F57AE-10AC-4781-8247-43E9C8612444}.Debug|Any CPU.Build.0 = Debug|Any CPU
		{584F57AE-10AC-4781-8247-43E9C8612444}.Release|Any CPU.ActiveCfg = Release|Any CPU
		{584F57AE-10AC-4781-8247-43E9C8612444}.Release|Any CPU.Build.0 = Release|Any CPU
	EndGlobalSection
	GlobalSection(SolutionProperties) = preSolution
		HideSolutionNode = FALSE
	EndGlobalSection
	GlobalSection(ExtensibilityGlobals) = postSolution
		SolutionGuid = {8C23A0A4-A87E-427D-8157-4E61350D8595}
	EndGlobalSection
EndGlobal
