
Microsoft Visual Studio Solution File, Format Version 12.00
# Visual Studio Version 17
VisualStudioVersion = 17.9.34902.65
MinimumVisualStudioVersion = 10.0.40219.1
Project("{FAE04EC0-301F-11D3-BF4B-00C04F79EFBC}") = "ConsoleApp7", "ConsoleApp7.csproj", "{DC15F87E-EA4C-4622-B4D3-8CFF08C2B310}"
EndProject
Global
	GlobalSection(SolutionConfigurationPlatforms) = preSolution
		Debug|Any CPU = Debug|Any CPU
		Release|Any CPU = Release|Any CPU
	EndGlobalSection
	GlobalSection(ProjectConfigurationPlatforms) = postSolution
		{DC15F87E-EA4C-4622-B4D3-8CFF08C2B310}.Debug|Any CPU.ActiveCfg = Debug|Any CPU
		{DC15F87E-EA4C-4622-B4D3-8CFF08C2B310}.Debug|Any CPU.Build.0 = Debug|Any CPU
		{DC15F87E-EA4C-4622-B4D3-8CFF08C2B310}.Release|Any CPU.ActiveCfg = Release|Any CPU
		{DC15F87E-EA4C-4622-B4D3-8CFF08C2B310}.Release|Any CPU.Build.0 = Release|Any CPU
	EndGlobalSection
	GlobalSection(SolutionProperties) = preSolution
		HideSolutionNode = FALSE
	EndGlobalSection
	GlobalSection(ExtensibilityGlobals) = postSolution
		SolutionGuid = {D45209B0-DAF1-4A26-9952-2E24953ED970}
	EndGlobalSection
EndGlobal
