
Microsoft Visual Studio Solution File, Format Version 12.00
# Visual Studio Version 17
VisualStudioVersion = 17.10.34928.147
MinimumVisualStudioVersion = 10.0.40219.1
Project("{FAE04EC0-301F-11D3-BF4B-00C04F79EFBC}") = "MAUINewsApp", "MAUINewsApp.csproj", "{A92BD310-4BF7-4F15-B5CC-6691E93A5091}"
EndProject
Global
	GlobalSection(SolutionConfigurationPlatforms) = preSolution
		Debug|Any CPU = Debug|Any CPU
		Release|Any CPU = Release|Any CPU
	EndGlobalSection
	GlobalSection(ProjectConfigurationPlatforms) = postSolution
		{A92BD310-4BF7-4F15-B5CC-6691E93A5091}.Debug|Any CPU.ActiveCfg = Debug|Any CPU
		{A92BD310-4BF7-4F15-B5CC-6691E93A5091}.Debug|Any CPU.Build.0 = Debug|Any CPU
		{A92BD310-4BF7-4F15-B5CC-6691E93A5091}.Debug|Any CPU.Deploy.0 = Debug|Any CPU
		{A92BD310-4BF7-4F15-B5CC-6691E93A5091}.Release|Any CPU.ActiveCfg = Release|Any CPU
		{A92BD310-4BF7-4F15-B5CC-6691E93A5091}.Release|Any CPU.Build.0 = Release|Any CPU
		{A92BD310-4BF7-4F15-B5CC-6691E93A5091}.Release|Any CPU.Deploy.0 = Release|Any CPU
	EndGlobalSection
	GlobalSection(SolutionProperties) = preSolution
		HideSolutionNode = FALSE
	EndGlobalSection
	GlobalSection(ExtensibilityGlobals) = postSolution
		SolutionGuid = {9A33DB4C-6EF3-4AD8-BE60-D0A419138B47}
	EndGlobalSection
EndGlobal
