
Microsoft Visual Studio Solution File, Format Version 12.00
# Visual Studio Version 17
VisualStudioVersion = 17.10.34928.147
MinimumVisualStudioVersion = 10.0.40219.1
Project("{FAE04EC0-301F-11D3-BF4B-00C04F79EFBC}") = "RealEstateApp", "RealEstateApp.csproj", "{26F2BEF2-8BBC-4CCF-9E67-8FC319B06A1D}"
EndProject
Global
	GlobalSection(SolutionConfigurationPlatforms) = preSolution
		Debug|Any CPU = Debug|Any CPU
		Release|Any CPU = Release|Any CPU
	EndGlobalSection
	GlobalSection(ProjectConfigurationPlatforms) = postSolution
		{26F2BEF2-8BBC-4CCF-9E67-8FC319B06A1D}.Debug|Any CPU.ActiveCfg = Debug|Any CPU
		{26F2BEF2-8BBC-4CCF-9E67-8FC319B06A1D}.Debug|Any CPU.Build.0 = Debug|Any CPU
		{26F2BEF2-8BBC-4CCF-9E67-8FC319B06A1D}.Debug|Any CPU.Deploy.0 = Debug|Any CPU
		{26F2BEF2-8BBC-4CCF-9E67-8FC319B06A1D}.Release|Any CPU.ActiveCfg = Release|Any CPU
		{26F2BEF2-8BBC-4CCF-9E67-8FC319B06A1D}.Release|Any CPU.Build.0 = Release|Any CPU
		{26F2BEF2-8BBC-4CCF-9E67-8FC319B06A1D}.Release|Any CPU.Deploy.0 = Release|Any CPU
	EndGlobalSection
	GlobalSection(SolutionProperties) = preSolution
		HideSolutionNode = FALSE
	EndGlobalSection
	GlobalSection(ExtensibilityGlobals) = postSolution
		SolutionGuid = {7376A622-53E9-45E4-8074-497B3146D353}
	EndGlobalSection
EndGlobal
