
Microsoft Visual Studio Solution File, Format Version 12.00
# Visual Studio Version 17
VisualStudioVersion = 17.9.34902.65
MinimumVisualStudioVersion = 10.0.40219.1
Project("{FAE04EC0-301F-11D3-BF4B-00C04F79EFBC}") = "ConsoleApp9", "ConsoleApp9.csproj", "{215404A0-DD53-4C7E-9995-796AFC40ADF1}"
EndProject
Global
	GlobalSection(SolutionConfigurationPlatforms) = preSolution
		Debug|Any CPU = Debug|Any CPU
		Release|Any CPU = Release|Any CPU
	EndGlobalSection
	GlobalSection(ProjectConfigurationPlatforms) = postSolution
		{215404A0-DD53-4C7E-9995-796AFC40ADF1}.Debug|Any CPU.ActiveCfg = Debug|Any CPU
		{215404A0-DD53-4C7E-9995-796AFC40ADF1}.Debug|Any CPU.Build.0 = Debug|Any CPU
		{215404A0-DD53-4C7E-9995-796AFC40ADF1}.Release|Any CPU.ActiveCfg = Release|Any CPU
		{215404A0-DD53-4C7E-9995-796AFC40ADF1}.Release|Any CPU.Build.0 = Release|Any CPU
	EndGlobalSection
	GlobalSection(SolutionProperties) = preSolution
		HideSolutionNode = FALSE
	EndGlobalSection
	GlobalSection(ExtensibilityGlobals) = postSolution
		SolutionGuid = {38BBA29D-89BE-4CA2-90B7-967E21BDBEF9}
	EndGlobalSection
EndGlobal
