
Microsoft Visual Studio Solution File, Format Version 12.00
# Visual Studio Version 17
VisualStudioVersion = 17.10.34916.146
MinimumVisualStudioVersion = 10.0.40219.1
Project("{FAE04EC0-301F-11D3-BF4B-00C04F79EFBC}") = "MauiApp4", "MauiApp4.csproj", "{476D31B2-2320-4A7B-9547-E3A0DB2086CF}"
EndProject
Global
	GlobalSection(SolutionConfigurationPlatforms) = preSolution
		Debug|Any CPU = Debug|Any CPU
		Release|Any CPU = Release|Any CPU
	EndGlobalSection
	GlobalSection(ProjectConfigurationPlatforms) = postSolution
		{476D31B2-2320-4A7B-9547-E3A0DB2086CF}.Debug|Any CPU.ActiveCfg = Debug|Any CPU
		{476D31B2-2320-4A7B-9547-E3A0DB2086CF}.Debug|Any CPU.Build.0 = Debug|Any CPU
		{476D31B2-2320-4A7B-9547-E3A0DB2086CF}.Debug|Any CPU.Deploy.0 = Debug|Any CPU
		{476D31B2-2320-4A7B-9547-E3A0DB2086CF}.Release|Any CPU.ActiveCfg = Release|Any CPU
		{476D31B2-2320-4A7B-9547-E3A0DB2086CF}.Release|Any CPU.Build.0 = Release|Any CPU
		{476D31B2-2320-4A7B-9547-E3A0DB2086CF}.Release|Any CPU.Deploy.0 = Release|Any CPU
	EndGlobalSection
	GlobalSection(SolutionProperties) = preSolution
		HideSolutionNode = FALSE
	EndGlobalSection
	GlobalSection(ExtensibilityGlobals) = postSolution
		SolutionGuid = {A64FA9F0-1063-4882-AEFC-A0F383535158}
	EndGlobalSection
EndGlobal
