
Microsoft Visual Studio Solution File, Format Version 12.00
# Visual Studio Version 17
VisualStudioVersion = 17.10.34928.147
MinimumVisualStudioVersion = 10.0.40219.1
Project("{FAE04EC0-301F-11D3-BF4B-00C04F79EFBC}") = "Contacts", "Contacts.csproj", "{31F64A30-3F12-4C02-9123-2916B264A6BA}"
EndProject
Global
	GlobalSection(SolutionConfigurationPlatforms) = preSolution
		Debug|Any CPU = Debug|Any CPU
		Release|Any CPU = Release|Any CPU
	EndGlobalSection
	GlobalSection(ProjectConfigurationPlatforms) = postSolution
		{31F64A30-3F12-4C02-9123-2916B264A6BA}.Debug|Any CPU.ActiveCfg = Debug|Any CPU
		{31F64A30-3F12-4C02-9123-2916B264A6BA}.Debug|Any CPU.Build.0 = Debug|Any CPU
		{31F64A30-3F12-4C02-9123-2916B264A6BA}.Debug|Any CPU.Deploy.0 = Debug|Any CPU
		{31F64A30-3F12-4C02-9123-2916B264A6BA}.Release|Any CPU.ActiveCfg = Release|Any CPU
		{31F64A30-3F12-4C02-9123-2916B264A6BA}.Release|Any CPU.Build.0 = Release|Any CPU
		{31F64A30-3F12-4C02-9123-2916B264A6BA}.Release|Any CPU.Deploy.0 = Release|Any CPU
	EndGlobalSection
	GlobalSection(SolutionProperties) = preSolution
		HideSolutionNode = FALSE
	EndGlobalSection
	GlobalSection(ExtensibilityGlobals) = postSolution
		SolutionGuid = {87C5EF96-77D2-4887-BFD2-A71AB1F7A1F8}
	EndGlobalSection
EndGlobal
