
Microsoft Visual Studio Solution File, Format Version 12.00
# Visual Studio Version 17
VisualStudioVersion = 17.9.34902.65
MinimumVisualStudioVersion = 10.0.40219.1
Project("{FAE04EC0-301F-11D3-BF4B-00C04F79EFBC}") = "ConsoleApp14", "ConsoleApp14.csproj", "{2C5C9172-7944-4450-804B-8723A0B76DF1}"
EndProject
Global
	GlobalSection(SolutionConfigurationPlatforms) = preSolution
		Debug|Any CPU = Debug|Any CPU
		Release|Any CPU = Release|Any CPU
	EndGlobalSection
	GlobalSection(ProjectConfigurationPlatforms) = postSolution
		{2C5C9172-7944-4450-804B-8723A0B76DF1}.Debug|Any CPU.ActiveCfg = Debug|Any CPU
		{2C5C9172-7944-4450-804B-8723A0B76DF1}.Debug|Any CPU.Build.0 = Debug|Any CPU
		{2C5C9172-7944-4450-804B-8723A0B76DF1}.Release|Any CPU.ActiveCfg = Release|Any CPU
		{2C5C9172-7944-4450-804B-8723A0B76DF1}.Release|Any CPU.Build.0 = Release|Any CPU
	EndGlobalSection
	GlobalSection(SolutionProperties) = preSolution
		HideSolutionNode = FALSE
	EndGlobalSection
	GlobalSection(ExtensibilityGlobals) = postSolution
		SolutionGuid = {4DCEB6C1-9B49-44FB-B5F0-CDEF55CA37F6}
	EndGlobalSection
EndGlobal
