
Microsoft Visual Studio Solution File, Format Version 12.00
# Visual Studio Version 17
VisualStudioVersion = 17.10.34916.146
MinimumVisualStudioVersion = 10.0.40219.1
Project("{FAE04EC0-301F-11D3-BF4B-00C04F79EFBC}") = "MauiApp1", "MauiApp1.csproj", "{EC20373B-BE29-4E73-BA35-F24F742FD0EC}"
EndProject
Global
	GlobalSection(SolutionConfigurationPlatforms) = preSolution
		Debug|Any CPU = Debug|Any CPU
		Release|Any CPU = Release|Any CPU
	EndGlobalSection
	GlobalSection(ProjectConfigurationPlatforms) = postSolution
		{EC20373B-BE29-4E73-BA35-F24F742FD0EC}.Debug|Any CPU.ActiveCfg = Debug|Any CPU
		{EC20373B-BE29-4E73-BA35-F24F742FD0EC}.Debug|Any CPU.Build.0 = Debug|Any CPU
		{EC20373B-BE29-4E73-BA35-F24F742FD0EC}.Debug|Any CPU.Deploy.0 = Debug|Any CPU
		{EC20373B-BE29-4E73-BA35-F24F742FD0EC}.Release|Any CPU.ActiveCfg = Release|Any CPU
		{EC20373B-BE29-4E73-BA35-F24F742FD0EC}.Release|Any CPU.Build.0 = Release|Any CPU
		{EC20373B-BE29-4E73-BA35-F24F742FD0EC}.Release|Any CPU.Deploy.0 = Release|Any CPU
	EndGlobalSection
	GlobalSection(SolutionProperties) = preSolution
		HideSolutionNode = FALSE
	EndGlobalSection
	GlobalSection(ExtensibilityGlobals) = postSolution
		SolutionGuid = {5D542601-6ED1-424D-A96C-D47F5B9FB084}
	EndGlobalSection
EndGlobal
