
Microsoft Visual Studio Solution File, Format Version 12.00
# Visual Studio Version 17
VisualStudioVersion = 17.9.34902.65
MinimumVisualStudioVersion = 10.0.40219.1
Project("{FAE04EC0-301F-11D3-BF4B-00C04F79EFBC}") = "ConsoleApp1", "ConsoleApp1.csproj", "{C897C523-9486-462D-A9A1-642B9ED96B32}"
EndProject
Global
	GlobalSection(SolutionConfigurationPlatforms) = preSolution
		Debug|Any CPU = Debug|Any CPU
		Release|Any CPU = Release|Any CPU
	EndGlobalSection
	GlobalSection(ProjectConfigurationPlatforms) = postSolution
		{C897C523-9486-462D-A9A1-642B9ED96B32}.Debug|Any CPU.ActiveCfg = Debug|Any CPU
		{C897C523-9486-462D-A9A1-642B9ED96B32}.Debug|Any CPU.Build.0 = Debug|Any CPU
		{C897C523-9486-462D-A9A1-642B9ED96B32}.Release|Any CPU.ActiveCfg = Release|Any CPU
		{C897C523-9486-462D-A9A1-642B9ED96B32}.Release|Any CPU.Build.0 = Release|Any CPU
	EndGlobalSection
	GlobalSection(SolutionProperties) = preSolution
		HideSolutionNode = FALSE
	EndGlobalSection
	GlobalSection(ExtensibilityGlobals) = postSolution
		SolutionGuid = {A3A20BE8-D72A-4EBD-8C7B-1007CEEA254F}
	EndGlobalSection
EndGlobal
