
Microsoft Visual Studio Solution File, Format Version 12.00
# Visual Studio Version 17
VisualStudioVersion = 17.10.34916.146
MinimumVisualStudioVersion = 10.0.40219.1
Project("{FAE04EC0-301F-11D3-BF4B-00C04F79EFBC}") = "MauiApp8", "MauiApp8.csproj", "{AB4A4193-7735-482C-BE1B-C20F42E97DCA}"
EndProject
Global
	GlobalSection(SolutionConfigurationPlatforms) = preSolution
		Debug|Any CPU = Debug|Any CPU
		Release|Any CPU = Release|Any CPU
	EndGlobalSection
	GlobalSection(ProjectConfigurationPlatforms) = postSolution
		{AB4A4193-7735-482C-BE1B-C20F42E97DCA}.Debug|Any CPU.ActiveCfg = Debug|Any CPU
		{AB4A4193-7735-482C-BE1B-C20F42E97DCA}.Debug|Any CPU.Build.0 = Debug|Any CPU
		{AB4A4193-7735-482C-BE1B-C20F42E97DCA}.Debug|Any CPU.Deploy.0 = Debug|Any CPU
		{AB4A4193-7735-482C-BE1B-C20F42E97DCA}.Release|Any CPU.ActiveCfg = Release|Any CPU
		{AB4A4193-7735-482C-BE1B-C20F42E97DCA}.Release|Any CPU.Build.0 = Release|Any CPU
		{AB4A4193-7735-482C-BE1B-C20F42E97DCA}.Release|Any CPU.Deploy.0 = Release|Any CPU
	EndGlobalSection
	GlobalSection(SolutionProperties) = preSolution
		HideSolutionNode = FALSE
	EndGlobalSection
	GlobalSection(ExtensibilityGlobals) = postSolution
		SolutionGuid = {395C90A0-69A9-47D4-A859-FA8A6FEED1AD}
	EndGlobalSection
EndGlobal
